PODS:
  - ExtensibleEnumeratedName (2.0)
  - LifeHash (0.3.0):
    - WolfColor
    - WolfFoundation
    - WolfGeometry
    - WolfImage
    - WolfNumerics
  - WolfAnimation (2.0.0):
    - WolfConcurrency
    - WolfFoundation
    - WolfLog
  - WolfApp (2.0.0):
    - WolfAnimation
    - WolfConcurrency
    - WolfFoundation
    - WolfLocale
    - WolfOSBridge
  - WolfAutolayout (2.0.0):
    - WolfFoundation
    - WolfGeometry
    - WolfOSBridge
    - WolfPipe
  - WolfCache (2.0.0):
    - ExtensibleEnumeratedName
    - WolfConcurrency
    - WolfImage
    - WolfLog
    - WolfNetwork
  - WolfColor (4.0.0):
    - WolfFoundation
    - WolfNumerics
    - WolfOSBridge
    - WolfPipe
  - WolfConcurrency (2.0.0):
    - WolfFoundation
    - WolfLog
    - WolfNumerics
  - WolfFoundation (3.0.0):
    - WolfNumerics
    - WolfPipe
  - WolfGeometry (4.0.0):
    - ExtensibleEnumeratedName
    - WolfFoundation
    - WolfNumerics
    - WolfStrings
  - WolfImage (4.0.0):
    - WolfColor
    - WolfFoundation
    - WolfGeometry
    - WolfNumerics
    - WolfOSBridge
    - WolfPipe
  - WolfLocale (2.0.0):
    - ExtensibleEnumeratedName
    - WolfLog
    - WolfStrings
  - WolfLog (2.0.0):
    - ExtensibleEnumeratedName
    - WolfNumerics
    - WolfStrings
  - WolfNesting (2.0.0)
  - WolfNetwork (2.0.0):
    - ExtensibleEnumeratedName
    - WolfApp
    - WolfConcurrency
    - WolfFoundation
    - WolfLocale
    - WolfLog
    - WolfPipe
    - WolfPubSub
    - WolfSec
  - WolfNumerics (4.0)
  - WolfOSBridge (2.0.0)
  - WolfPipe (2.0.0)
  - WolfPubSub (2.0.0):
    - WolfConcurrency
    - WolfFoundation
  - WolfSec (3.0.0):
    - WolfFoundation
    - WolfPipe
  - WolfStrings (2.0.0):
    - ExtensibleEnumeratedName
    - WolfNumerics
    - WolfOSBridge
    - WolfPipe
    - WolfWith
  - WolfViewControllers (3.0.0):
    - WolfConcurrency
    - WolfFoundation
    - WolfLocale
    - WolfLog
    - WolfNesting
    - WolfStrings
    - WolfViews
  - WolfViews (2.0.0):
    - WolfAnimation
    - WolfApp
    - WolfAutolayout
    - WolfCache
    - WolfColor
    - WolfConcurrency
    - WolfFoundation
    - WolfGeometry
    - WolfImage
    - WolfLocale
    - WolfNesting
    - WolfOSBridge
    - WolfStrings
    - WolfWith
  - WolfWith (2.0.1)

DEPENDENCIES:
  - LifeHash (from `../`)
  - WolfAutolayout
  - WolfColor
  - WolfConcurrency
  - WolfFoundation
  - WolfImage
  - WolfNesting
  - WolfViewControllers
  - WolfViews
  - WolfWith

SPEC REPOS:
  https://github.com/cocoapods/specs.git:
    - ExtensibleEnumeratedName
    - WolfAnimation
    - WolfApp
    - WolfAutolayout
    - WolfCache
    - WolfColor
    - WolfConcurrency
    - WolfFoundation
    - WolfGeometry
    - WolfImage
    - WolfLocale
    - WolfLog
    - WolfNesting
    - WolfNetwork
    - WolfNumerics
    - WolfOSBridge
    - WolfPipe
    - WolfPubSub
    - WolfSec
    - WolfStrings
    - WolfViewControllers
    - WolfViews
    - WolfWith

EXTERNAL SOURCES:
  LifeHash:
    :path: "../"

SPEC CHECKSUMS:
  ExtensibleEnumeratedName: 50f2d256f6d56baecf681f6fbb6362343dcf885b
  LifeHash: 42a2e17ec55c2b4e968d8df0d0271b23cd1ce9fd
  WolfAnimation: 3395a7cbcd27085b2d1e67355b44fd264237071f
  WolfApp: 688652cfaddedb1ccf734a5e9c33e6aa9e02ad90
  WolfAutolayout: c663183345c2b96355622c73973543a38b398599
  WolfCache: 4a4527ea7a4d98bc0120d96e1ba2d9b8cfc430ff
  WolfColor: d002da00b08a511c364baf7c1c7539878f09ef31
  WolfConcurrency: e5445d30df478486485b093408fbd50dac0887cc
  WolfFoundation: df7514e9faf208f591f02cb156ddb537e2a14958
  WolfGeometry: 5746cc882f3f407d9d7c948d3cd1020e828c3c03
  WolfImage: 2b95775e99186b8386a91a56747d470f85dc932e
  WolfLocale: cb8a9870ff13e1b3576d300af7c2057ba6aaaf28
  WolfLog: b2f3483d6b69aaca1cd65c8e78cf84b20d5dbe50
  WolfNesting: a35fe79a277341df0e96c720fdce68fb8050f1cb
  WolfNetwork: 0c51b4a6decafd39c56a87096a928d29c3bc8d06
  WolfNumerics: 6a57756b668073414da8a6911b86781096aded37
  WolfOSBridge: e9260681790a7c89f725e134c0c1d4172d2d2dc9
  WolfPipe: 18ffb77a188263392893a62630defc2a5b92b4f3
  WolfPubSub: 14a07db9480028525d113ace211532fbdca25600
  WolfSec: ca7fe7e83a15f4f140fc5b3312ce2e96c0bfd8d3
  WolfStrings: edc63c08fbd1149ccbf5eca5020b13465084513b
  WolfViewControllers: 3fb3d0a795c5f1fcea574debee21d661dcb475b3
  WolfViews: 90b7c1371bcfed2145167fcb0f6f62357c285c6d
  WolfWith: 2320a88a03a943df9ff1284c9cca10f86cb73c60

PODFILE CHECKSUM: 3257ccb931660b0905fbc821ae9ca73ba6143c34

COCOAPODS: 1.7.0.beta.2
