// !$*UTF8*$!
{
	archiveVersion = 1;
	classes = {
	};
	objectVersion = 60;
	objects = {

/* Begin PBXBuildFile section */
		0382CE0B235D0C9E009636DC /* UIImageColors in Frameworks */ = {isa = PBXBuildFile; productRef = 0382CE0A235D0C9E009636DC /* UIImageColors */; };
		03A18D122585FFE900AE5FE4 /* DispatchUtils.swift in Sources */ = {isa = PBXBuildFile; fileRef = 03A18D102585FF9E00AE5FE4 /* DispatchUtils.swift */; };
		03A18D152586039A00AE5FE4 /* ViewExtensions.swift in Sources */ = {isa = PBXBuildFile; fileRef = 03A18D13258602B000AE5FE4 /* ViewExtensions.swift */; };
		03A18D1D2586085300AE5FE4 /* Interpolate in Frameworks */ = {isa = PBXBuildFile; productRef = 03A18D1C2586085300AE5FE4 /* Interpolate */; };
		03EC4BD2227CD438007B5302 /* AppDelegate.swift in Sources */ = {isa = PBXBuildFile; fileRef = 03EC4BD1227CD438007B5302 /* AppDelegate.swift */; };
		03EC4BD4227CD438007B5302 /* ViewController.swift in Sources */ = {isa = PBXBuildFile; fileRef = 03EC4BD3227CD438007B5302 /* ViewController.swift */; };
		03EC4BD7227CD438007B5302 /* Main.storyboard in Resources */ = {isa = PBXBuildFile; fileRef = 03EC4BD5227CD438007B5302 /* Main.storyboard */; };
		03EC4BD9227CD43A007B5302 /* Assets.xcassets in Resources */ = {isa = PBXBuildFile; fileRef = 03EC4BD8227CD43A007B5302 /* Assets.xcassets */; };
		03EC4BDC227CD43A007B5302 /* LaunchScreen.storyboard in Resources */ = {isa = PBXBuildFile; fileRef = 03EC4BDA227CD43A007B5302 /* LaunchScreen.storyboard */; };
		03EC4BE2227CD75B007B5302 /* LifeHashView.swift in Sources */ = {isa = PBXBuildFile; fileRef = 03EC4BE1227CD75B007B5302 /* LifeHashView.swift */; };
		03EC4BE8227E0DBD007B5302 /* FrameView.swift in Sources */ = {isa = PBXBuildFile; fileRef = 03EC4BE7227E0DBD007B5302 /* FrameView.swift */; };
		03EC4BEA227E107A007B5302 /* GroupView.swift in Sources */ = {isa = PBXBuildFile; fileRef = 03EC4BE9227E107A007B5302 /* GroupView.swift */; };
		792FC0042B947D8800D2A3E1 /* LifeHash in Frameworks */ = {isa = PBXBuildFile; productRef = 792FC0032B947D8800D2A3E1 /* LifeHash */; };
/* End PBXBuildFile section */

/* Begin PBXCopyFilesBuildPhase section */
		034A92F524B42B240079BD0E /* Embed Frameworks */ = {
			isa = PBXCopyFilesBuildPhase;
			buildActionMask = 2147483647;
			dstPath = "";
			dstSubfolderSpec = 10;
			files = (
			);
			name = "Embed Frameworks";
			runOnlyForDeploymentPostprocessing = 0;
		};
/* End PBXCopyFilesBuildPhase section */

/* Begin PBXFileReference section */
		03852DA02585F7E700A116B0 /* LifeHash_Gallery.entitlements */ = {isa = PBXFileReference; lastKnownFileType = text.plist.entitlements; path = LifeHash_Gallery.entitlements; sourceTree = "<group>"; };
		03A18D102585FF9E00AE5FE4 /* DispatchUtils.swift */ = {isa = PBXFileReference; lastKnownFileType = sourcecode.swift; path = DispatchUtils.swift; sourceTree = "<group>"; };
		03A18D13258602B000AE5FE4 /* ViewExtensions.swift */ = {isa = PBXFileReference; lastKnownFileType = sourcecode.swift; path = ViewExtensions.swift; sourceTree = "<group>"; };
		03EC4BCF227CD437007B5302 /* Gallery.app */ = {isa = PBXFileReference; explicitFileType = wrapper.application; includeInIndex = 0; path = Gallery.app; sourceTree = BUILT_PRODUCTS_DIR; };
		03EC4BD1227CD438007B5302 /* AppDelegate.swift */ = {isa = PBXFileReference; lastKnownFileType = sourcecode.swift; path = AppDelegate.swift; sourceTree = "<group>"; };
		03EC4BD3227CD438007B5302 /* ViewController.swift */ = {isa = PBXFileReference; lastKnownFileType = sourcecode.swift; path = ViewController.swift; sourceTree = "<group>"; };
		03EC4BD6227CD438007B5302 /* Base */ = {isa = PBXFileReference; lastKnownFileType = file.storyboard; name = Base; path = Base.lproj/Main.storyboard; sourceTree = "<group>"; };
		03EC4BD8227CD43A007B5302 /* Assets.xcassets */ = {isa = PBXFileReference; lastKnownFileType = folder.assetcatalog; path = Assets.xcassets; sourceTree = "<group>"; };
		03EC4BDB227CD43A007B5302 /* Base */ = {isa = PBXFileReference; lastKnownFileType = file.storyboard; name = Base; path = Base.lproj/LaunchScreen.storyboard; sourceTree = "<group>"; };
		03EC4BDD227CD43A007B5302 /* Info.plist */ = {isa = PBXFileReference; lastKnownFileType = text.plist.xml; path = Info.plist; sourceTree = "<group>"; };
		03EC4BE1227CD75B007B5302 /* LifeHashView.swift */ = {isa = PBXFileReference; lastKnownFileType = sourcecode.swift; path = LifeHashView.swift; sourceTree = "<group>"; };
		03EC4BE7227E0DBD007B5302 /* FrameView.swift */ = {isa = PBXFileReference; lastKnownFileType = sourcecode.swift; path = FrameView.swift; sourceTree = "<group>"; };
		03EC4BE9227E107A007B5302 /* GroupView.swift */ = {isa = PBXFileReference; lastKnownFileType = sourcecode.swift; path = GroupView.swift; sourceTree = "<group>"; };
/* End PBXFileReference section */

/* Begin PBXFrameworksBuildPhase section */
		03EC4BCC227CD437007B5302 /* Frameworks */ = {
			isa = PBXFrameworksBuildPhase;
			buildActionMask = 2147483647;
			files = (
				792FC0042B947D8800D2A3E1 /* LifeHash in Frameworks */,
				03A18D1D2586085300AE5FE4 /* Interpolate in Frameworks */,
				0382CE0B235D0C9E009636DC /* UIImageColors in Frameworks */,
			);
			runOnlyForDeploymentPostprocessing = 0;
		};
/* End PBXFrameworksBuildPhase section */

/* Begin PBXGroup section */
		0382CDFE235CFBAB009636DC /* Frameworks */ = {
			isa = PBXGroup;
			children = (
			);
			name = Frameworks;
			sourceTree = "<group>";
		};
		03EC4BD0227CD438007B5302 /* Gallery */ = {
			isa = PBXGroup;
			children = (
				03EC4BD1227CD438007B5302 /* AppDelegate.swift */,
				03EC4BE7227E0DBD007B5302 /* FrameView.swift */,
				03EC4BD3227CD438007B5302 /* ViewController.swift */,
				03A18D13258602B000AE5FE4 /* ViewExtensions.swift */,
				03EC4BE9227E107A007B5302 /* GroupView.swift */,
				03EC4BE1227CD75B007B5302 /* LifeHashView.swift */,
				03A18D102585FF9E00AE5FE4 /* DispatchUtils.swift */,
				03EC4BD5227CD438007B5302 /* Main.storyboard */,
				03EC4BD8227CD43A007B5302 /* Assets.xcassets */,
				03EC4BDA227CD43A007B5302 /* LaunchScreen.storyboard */,
				03EC4BDD227CD43A007B5302 /* Info.plist */,
			);
			path = Gallery;
			sourceTree = "<group>";
		};
		607FACC71AFB9204008FA782 = {
			isa = PBXGroup;
			children = (
				03852DA02585F7E700A116B0 /* LifeHash_Gallery.entitlements */,
				03EC4BD0227CD438007B5302 /* Gallery */,
				607FACD11AFB9204008FA782 /* Products */,
				0382CDFE235CFBAB009636DC /* Frameworks */,
			);
			sourceTree = "<group>";
		};
		607FACD11AFB9204008FA782 /* Products */ = {
			isa = PBXGroup;
			children = (
				03EC4BCF227CD437007B5302 /* Gallery.app */,
			);
			name = Products;
			sourceTree = "<group>";
		};
/* End PBXGroup section */

/* Begin PBXNativeTarget section */
		03EC4BCE227CD437007B5302 /* Gallery */ = {
			isa = PBXNativeTarget;
			buildConfigurationList = 03EC4BE0227CD43A007B5302 /* Build configuration list for PBXNativeTarget "Gallery" */;
			buildPhases = (
				03EC4BCB227CD437007B5302 /* Sources */,
				03EC4BCC227CD437007B5302 /* Frameworks */,
				03EC4BCD227CD437007B5302 /* Resources */,
				034A92F524B42B240079BD0E /* Embed Frameworks */,
			);
			buildRules = (
			);
			dependencies = (
			);
			name = Gallery;
			packageProductDependencies = (
				0382CE0A235D0C9E009636DC /* UIImageColors */,
				03A18D1C2586085300AE5FE4 /* Interpolate */,
				792FC0032B947D8800D2A3E1 /* LifeHash */,
			);
			productName = "LifeHash Gallery";
			productReference = 03EC4BCF227CD437007B5302 /* Gallery.app */;
			productType = "com.apple.product-type.application";
		};
/* End PBXNativeTarget section */

/* Begin PBXProject section */
		607FACC81AFB9204008FA782 /* Project object */ = {
			isa = PBXProject;
			attributes = {
				LastSwiftUpdateCheck = 1020;
				LastUpgradeCheck = 1220;
				ORGANIZATIONNAME = "";
				TargetAttributes = {
					03EC4BCE227CD437007B5302 = {
						CreatedOnToolsVersion = 10.2.1;
					};
				};
			};
			buildConfigurationList = 607FACCB1AFB9204008FA782 /* Build configuration list for PBXProject "Gallery" */;
			compatibilityVersion = "Xcode 10.0";
			developmentRegion = en;
			hasScannedForEncodings = 0;
			knownRegions = (
				en,
				Base,
			);
			mainGroup = 607FACC71AFB9204008FA782;
			packageReferences = (
				0382CE09235D0C93009636DC /* XCRemoteSwiftPackageReference "UIImageColors" */,
				03A18D192586084200AE5FE4 /* XCRemoteSwiftPackageReference "Interpolate" */,
				792FC0022B947D8800D2A3E1 /* XCLocalSwiftPackageReference "../.." */,
			);
			productRefGroup = 607FACD11AFB9204008FA782 /* Products */;
			projectDirPath = "";
			projectRoot = "";
			targets = (
				03EC4BCE227CD437007B5302 /* Gallery */,
			);
		};
/* End PBXProject section */

/* Begin PBXResourcesBuildPhase section */
		03EC4BCD227CD437007B5302 /* Resources */ = {
			isa = PBXResourcesBuildPhase;
			buildActionMask = 2147483647;
			files = (
				03EC4BDC227CD43A007B5302 /* LaunchScreen.storyboard in Resources */,
				03EC4BD9227CD43A007B5302 /* Assets.xcassets in Resources */,
				03EC4BD7227CD438007B5302 /* Main.storyboard in Resources */,
			);
			runOnlyForDeploymentPostprocessing = 0;
		};
/* End PBXResourcesBuildPhase section */

/* Begin PBXSourcesBuildPhase section */
		03EC4BCB227CD437007B5302 /* Sources */ = {
			isa = PBXSourcesBuildPhase;
			buildActionMask = 2147483647;
			files = (
				03EC4BD4227CD438007B5302 /* ViewController.swift in Sources */,
				03A18D152586039A00AE5FE4 /* ViewExtensions.swift in Sources */,
				03A18D122585FFE900AE5FE4 /* DispatchUtils.swift in Sources */,
				03EC4BD2227CD438007B5302 /* AppDelegate.swift in Sources */,
				03EC4BEA227E107A007B5302 /* GroupView.swift in Sources */,
				03EC4BE2227CD75B007B5302 /* LifeHashView.swift in Sources */,
				03EC4BE8227E0DBD007B5302 /* FrameView.swift in Sources */,
			);
			runOnlyForDeploymentPostprocessing = 0;
		};
/* End PBXSourcesBuildPhase section */

/* Begin PBXVariantGroup section */
		03EC4BD5227CD438007B5302 /* Main.storyboard */ = {
			isa = PBXVariantGroup;
			children = (
				03EC4BD6227CD438007B5302 /* Base */,
			);
			name = Main.storyboard;
			sourceTree = "<group>";
		};
		03EC4BDA227CD43A007B5302 /* LaunchScreen.storyboard */ = {
			isa = PBXVariantGroup;
			children = (
				03EC4BDB227CD43A007B5302 /* Base */,
			);
			name = LaunchScreen.storyboard;
			sourceTree = "<group>";
		};
/* End PBXVariantGroup section */

/* Begin XCBuildConfiguration section */
		03EC4BDE227CD43A007B5302 /* Debug */ = {
			isa = XCBuildConfiguration;
			buildSettings = {
				ASSETCATALOG_COMPILER_APPICON_NAME = AppIcon;
				CLANG_ANALYZER_NONNULL = YES;
				CLANG_ANALYZER_NUMBER_OBJECT_CONVERSION = YES_AGGRESSIVE;
				CLANG_CXX_LANGUAGE_STANDARD = "gnu++14";
				CLANG_ENABLE_OBJC_WEAK = YES;
				CLANG_WARN_DOCUMENTATION_COMMENTS = YES;
				CLANG_WARN_UNGUARDED_AVAILABILITY = YES_AGGRESSIVE;
				CODE_SIGN_ENTITLEMENTS = LifeHash_Gallery.entitlements;
				CODE_SIGN_IDENTITY = "iPhone Developer";
				CODE_SIGN_STYLE = Automatic;
				DEBUG_INFORMATION_FORMAT = dwarf;
				DEVELOPMENT_TEAM = YZHG975W3A;
				GCC_C_LANGUAGE_STANDARD = gnu11;
				INFOPLIST_FILE = "$(SRCROOT)/Gallery/Info.plist";
				INFOPLIST_KEY_CFBundleDisplayName = "LifeHash Gallery";
				IPHONEOS_DEPLOYMENT_TARGET = 13.0;
				LD_RUNPATH_SEARCH_PATHS = (
					"$(inherited)",
					"@executable_path/Frameworks",
				);
				MTL_ENABLE_DEBUG_INFO = INCLUDE_SOURCE;
				MTL_FAST_MATH = YES;
				PRODUCT_BUNDLE_IDENTIFIER = "blockchaincommons.LifeHash-Gallery";
				PRODUCT_NAME = "$(TARGET_NAME)";
				SUPPORTS_MACCATALYST = YES;
				SWIFT_ACTIVE_COMPILATION_CONDITIONS = DEBUG;
				SWIFT_VERSION = 5.0;
				TARGETED_DEVICE_FAMILY = "1,2";
			};
			name = Debug;
		};
		03EC4BDF227CD43A007B5302 /* Release */ = {
			isa = XCBuildConfiguration;
			buildSettings = {
				ASSETCATALOG_COMPILER_APPICON_NAME = AppIcon;
				CLANG_ANALYZER_NONNULL = YES;
				CLANG_ANALYZER_NUMBER_OBJECT_CONVERSION = YES_AGGRESSIVE;
				CLANG_CXX_LANGUAGE_STANDARD = "gnu++14";
				CLANG_ENABLE_OBJC_WEAK = YES;
				CLANG_WARN_DOCUMENTATION_COMMENTS = YES;
				CLANG_WARN_UNGUARDED_AVAILABILITY = YES_AGGRESSIVE;
				CODE_SIGN_ENTITLEMENTS = LifeHash_Gallery.entitlements;
				CODE_SIGN_IDENTITY = "iPhone Developer";
				CODE_SIGN_STYLE = Automatic;
				DEVELOPMENT_TEAM = YZHG975W3A;
				GCC_C_LANGUAGE_STANDARD = gnu11;
				INFOPLIST_FILE = "$(SRCROOT)/Gallery/Info.plist";
				INFOPLIST_KEY_CFBundleDisplayName = "LifeHash Gallery";
				IPHONEOS_DEPLOYMENT_TARGET = 13.0;
				LD_RUNPATH_SEARCH_PATHS = (
					"$(inherited)",
					"@executable_path/Frameworks",
				);
				MTL_FAST_MATH = YES;
				PRODUCT_BUNDLE_IDENTIFIER = "blockchaincommons.LifeHash-Gallery";
				PRODUCT_NAME = "$(TARGET_NAME)";
				SUPPORTS_MACCATALYST = YES;
				SWIFT_VERSION = 5.0;
				TARGETED_DEVICE_FAMILY = "1,2";
			};
			name = Release;
		};
		607FACED1AFB9204008FA782 /* Debug */ = {
			isa = XCBuildConfiguration;
			buildSettings = {
				ALWAYS_SEARCH_USER_PATHS = NO;
				CLANG_ANALYZER_LOCALIZABILITY_NONLOCALIZED = YES;
				CLANG_CXX_LANGUAGE_STANDARD = "gnu++0x";
				CLANG_CXX_LIBRARY = "libc++";
				CLANG_ENABLE_MODULES = YES;
				CLANG_ENABLE_OBJC_ARC = YES;
				CLANG_WARN_BLOCK_CAPTURE_AUTORELEASING = YES;
				CLANG_WARN_BOOL_CONVERSION = YES;
				CLANG_WARN_COMMA = YES;
				CLANG_WARN_CONSTANT_CONVERSION = YES;
				CLANG_WARN_DEPRECATED_OBJC_IMPLEMENTATIONS = YES;
				CLANG_WARN_DIRECT_OBJC_ISA_USAGE = YES_ERROR;
				CLANG_WARN_EMPTY_BODY = YES;
				CLANG_WARN_ENUM_CONVERSION = YES;
				CLANG_WARN_INFINITE_RECURSION = YES;
				CLANG_WARN_INT_CONVERSION = YES;
				CLANG_WARN_NON_LITERAL_NULL_CONVERSION = YES;
				CLANG_WARN_OBJC_IMPLICIT_RETAIN_SELF = YES;
				CLANG_WARN_OBJC_LITERAL_CONVERSION = YES;
				CLANG_WARN_OBJC_ROOT_CLASS = YES_ERROR;
				CLANG_WARN_QUOTED_INCLUDE_IN_FRAMEWORK_HEADER = YES;
				CLANG_WARN_RANGE_LOOP_ANALYSIS = YES;
				CLANG_WARN_STRICT_PROTOTYPES = YES;
				CLANG_WARN_SUSPICIOUS_MOVE = YES;
				CLANG_WARN_UNREACHABLE_CODE = YES;
				CLANG_WARN__DUPLICATE_METHOD_MATCH = YES;
				"CODE_SIGN_IDENTITY[sdk=iphoneos*]" = "iPhone Developer";
				COPY_PHASE_STRIP = NO;
				DEBUG_INFORMATION_FORMAT = "dwarf-with-dsym";
				ENABLE_STRICT_OBJC_MSGSEND = YES;
				ENABLE_TESTABILITY = YES;
				GCC_C_LANGUAGE_STANDARD = gnu99;
				GCC_DYNAMIC_NO_PIC = NO;
				GCC_NO_COMMON_BLOCKS = YES;
				GCC_OPTIMIZATION_LEVEL = 0;
				GCC_PREPROCESSOR_DEFINITIONS = (
					"DEBUG=1",
					"$(inherited)",
				);
				GCC_SYMBOLS_PRIVATE_EXTERN = NO;
				GCC_WARN_64_TO_32_BIT_CONVERSION = YES;
				GCC_WARN_ABOUT_RETURN_TYPE = YES_ERROR;
				GCC_WARN_UNDECLARED_SELECTOR = YES;
				GCC_WARN_UNINITIALIZED_AUTOS = YES_AGGRESSIVE;
				GCC_WARN_UNUSED_FUNCTION = YES;
				GCC_WARN_UNUSED_VARIABLE = YES;
				IPHONEOS_DEPLOYMENT_TARGET = 12.0;
				MTL_ENABLE_DEBUG_INFO = YES;
				ONLY_ACTIVE_ARCH = YES;
				SDKROOT = iphoneos;
				SWIFT_OPTIMIZATION_LEVEL = "-Onone";
				SWIFT_VERSION = 5.0;
			};
			name = Debug;
		};
		607FACEE1AFB9204008FA782 /* Release */ = {
			isa = XCBuildConfiguration;
			buildSettings = {
				ALWAYS_SEARCH_USER_PATHS = NO;
				CLANG_ANALYZER_LOCALIZABILITY_NONLOCALIZED = YES;
				CLANG_CXX_LANGUAGE_STANDARD = "gnu++0x";
				CLANG_CXX_LIBRARY = "libc++";
				CLANG_ENABLE_MODULES = YES;
				CLANG_ENABLE_OBJC_ARC = YES;
				CLANG_WARN_BLOCK_CAPTURE_AUTORELEASING = YES;
				CLANG_WARN_BOOL_CONVERSION = YES;
				CLANG_WARN_COMMA = YES;
				CLANG_WARN_CONSTANT_CONVERSION = YES;
				CLANG_WARN_DEPRECATED_OBJC_IMPLEMENTATIONS = YES;
				CLANG_WARN_DIRECT_OBJC_ISA_USAGE = YES_ERROR;
				CLANG_WARN_EMPTY_BODY = YES;
				CLANG_WARN_ENUM_CONVERSION = YES;
				CLANG_WARN_INFINITE_RECURSION = YES;
				CLANG_WARN_INT_CONVERSION = YES;
				CLANG_WARN_NON_LITERAL_NULL_CONVERSION = YES;
				CLANG_WARN_OBJC_IMPLICIT_RETAIN_SELF = YES;
				CLANG_WARN_OBJC_LITERAL_CONVERSION = YES;
				CLANG_WARN_OBJC_ROOT_CLASS = YES_ERROR;
				CLANG_WARN_QUOTED_INCLUDE_IN_FRAMEWORK_HEADER = YES;
				CLANG_WARN_RANGE_LOOP_ANALYSIS = YES;
				CLANG_WARN_STRICT_PROTOTYPES = YES;
				CLANG_WARN_SUSPICIOUS_MOVE = YES;
				CLANG_WARN_UNREACHABLE_CODE = YES;
				CLANG_WARN__DUPLICATE_METHOD_MATCH = YES;
				"CODE_SIGN_IDENTITY[sdk=iphoneos*]" = "iPhone Developer";
				COPY_PHASE_STRIP = NO;
				DEBUG_INFORMATION_FORMAT = "dwarf-with-dsym";
				ENABLE_NS_ASSERTIONS = NO;
				ENABLE_STRICT_OBJC_MSGSEND = YES;
				GCC_C_LANGUAGE_STANDARD = gnu99;
				GCC_NO_COMMON_BLOCKS = YES;
				GCC_WARN_64_TO_32_BIT_CONVERSION = YES;
				GCC_WARN_ABOUT_RETURN_TYPE = YES_ERROR;
				GCC_WARN_UNDECLARED_SELECTOR = YES;
				GCC_WARN_UNINITIALIZED_AUTOS = YES_AGGRESSIVE;
				GCC_WARN_UNUSED_FUNCTION = YES;
				GCC_WARN_UNUSED_VARIABLE = YES;
				IPHONEOS_DEPLOYMENT_TARGET = 12.0;
				MTL_ENABLE_DEBUG_INFO = NO;
				SDKROOT = iphoneos;
				SWIFT_COMPILATION_MODE = wholemodule;
				SWIFT_OPTIMIZATION_LEVEL = "-O";
				SWIFT_VERSION = 5.0;
				VALIDATE_PRODUCT = YES;
			};
			name = Release;
		};
/* End XCBuildConfiguration section */

/* Begin XCConfigurationList section */
		03EC4BE0227CD43A007B5302 /* Build configuration list for PBXNativeTarget "Gallery" */ = {
			isa = XCConfigurationList;
			buildConfigurations = (
				03EC4BDE227CD43A007B5302 /* Debug */,
				03EC4BDF227CD43A007B5302 /* Release */,
			);
			defaultConfigurationIsVisible = 0;
			defaultConfigurationName = Release;
		};
		607FACCB1AFB9204008FA782 /* Build configuration list for PBXProject "Gallery" */ = {
			isa = XCConfigurationList;
			buildConfigurations = (
				607FACED1AFB9204008FA782 /* Debug */,
				607FACEE1AFB9204008FA782 /* Release */,
			);
			defaultConfigurationIsVisible = 0;
			defaultConfigurationName = Release;
		};
/* End XCConfigurationList section */

/* Begin XCLocalSwiftPackageReference section */
		792FC0022B947D8800D2A3E1 /* XCLocalSwiftPackageReference "../.." */ = {
			isa = XCLocalSwiftPackageReference;
			relativePath = ../..;
		};
/* End XCLocalSwiftPackageReference section */

/* Begin XCRemoteSwiftPackageReference section */
		0382CE09235D0C93009636DC /* XCRemoteSwiftPackageReference "UIImageColors" */ = {
			isa = XCRemoteSwiftPackageReference;
			repositoryURL = "https://github.com/wolfmcnally/UIImageColors.git";
			requirement = {
				kind = upToNextMajorVersion;
				minimumVersion = 3.0.0;
			};
		};
		03A18D192586084200AE5FE4 /* XCRemoteSwiftPackageReference "Interpolate" */ = {
			isa = XCRemoteSwiftPackageReference;
			repositoryURL = "https://github.com/wolfmcnally/Interpolate.git";
			requirement = {
				kind = upToNextMajorVersion;
				minimumVersion = 0.2.0;
			};
		};
/* End XCRemoteSwiftPackageReference section */

/* Begin XCSwiftPackageProductDependency section */
		0382CE0A235D0C9E009636DC /* UIImageColors */ = {
			isa = XCSwiftPackageProductDependency;
			package = 0382CE09235D0C93009636DC /* XCRemoteSwiftPackageReference "UIImageColors" */;
			productName = UIImageColors;
		};
		03A18D1C2586085300AE5FE4 /* Interpolate */ = {
			isa = XCSwiftPackageProductDependency;
			package = 03A18D192586084200AE5FE4 /* XCRemoteSwiftPackageReference "Interpolate" */;
			productName = Interpolate;
		};
		792FC0032B947D8800D2A3E1 /* LifeHash */ = {
			isa = XCSwiftPackageProductDependency;
			productName = LifeHash;
		};
/* End XCSwiftPackageProductDependency section */
	};
	rootObject = 607FACC81AFB9204008FA782 /* Project object */;
}
